
Microsoft Visual Studio Solution File, Format Version 12.00
# Visual Studio Version 16
VisualStudioVersion = 16.0.28922.388
MinimumVisualStudioVersion = 10.0.40219.1
Project("{FAE04EC0-301F-11D3-BF4B-00C04F79EFBC}") = "IMDBDatabase", "IMDBDatabase\IMDBDatabase.csproj", "{8028B8B8-0846-47D7-AD79-A06315973544}"
EndProject
Global
	GlobalSection(SolutionConfigurationPlatforms) = preSolution
		Debug|Any CPU = Debug|Any CPU
		Release|Any CPU = Release|Any CPU
	EndGlobalSection
	GlobalSection(ProjectConfigurationPlatforms) = postSolution
		{8028B8B8-0846-47D7-AD79-A06315973544}.Debug|Any CPU.ActiveCfg = Debug|Any CPU
		{8028B8B8-0846-47D7-AD79-A06315973544}.Debug|Any CPU.Build.0 = Debug|Any CPU
		{8028B8B8-0846-47D7-AD79-A06315973544}.Release|Any CPU.ActiveCfg = Release|Any CPU
		{8028B8B8-0846-47D7-AD79-A06315973544}.Release|Any CPU.Build.0 = Release|Any CPU
	EndGlobalSection
	GlobalSection(SolutionProperties) = preSolution
		HideSolutionNode = FALSE
	EndGlobalSection
	GlobalSection(ExtensibilityGlobals) = postSolution
		SolutionGuid = {0780B2BE-EC53-4B39-AD5D-43FAFF02ACE2}
	EndGlobalSection
EndGlobal
